
Microsoft Visual Studio Solution File, Format Version 12.00
# Visual Studio 15
VisualStudioVersion = 15.0.26730.16
MinimumVisualStudioVersion = 10.0.40219.1
Project("{FAE04EC0-301F-11D3-BF4B-00C04F79EFBC}") = "KeoBuaBao_Client", "KeoBuaBao_Client\KeoBuaBao_Client.csproj", "{8BFC5A65-1805-4551-997F-773FA2C7B2BF}"
EndProject
Project("{FAE04EC0-301F-11D3-BF4B-00C04F79EFBC}") = "KeoBuaBao_Server", "..\KeoBuaBao_Server\KeoBuaBao_Server.csproj", "{B051F95F-21F9-4CC8-A585-AB929F7A8B47}"
EndProject
Global
	GlobalSection(SolutionConfigurationPlatforms) = preSolution
		Debug|Any CPU = Debug|Any CPU
		Release|Any CPU = Release|Any CPU
	EndGlobalSection
	GlobalSection(ProjectConfigurationPlatforms) = postSolution
		{8BFC5A65-1805-4551-997F-773FA2C7B2BF}.Debug|Any CPU.ActiveCfg = Debug|Any CPU
		{8BFC5A65-1805-4551-997F-773FA2C7B2BF}.Debug|Any CPU.Build.0 = Debug|Any CPU
		{8BFC5A65-1805-4551-997F-773FA2C7B2BF}.Release|Any CPU.ActiveCfg = Release|Any CPU
		{8BFC5A65-1805-4551-997F-773FA2C7B2BF}.Release|Any CPU.Build.0 = Release|Any CPU
		{B051F95F-21F9-4CC8-A585-AB929F7A8B47}.Debug|Any CPU.ActiveCfg = Debug|Any CPU
		{B051F95F-21F9-4CC8-A585-AB929F7A8B47}.Debug|Any CPU.Build.0 = Debug|Any CPU
		{B051F95F-21F9-4CC8-A585-AB929F7A8B47}.Release|Any CPU.ActiveCfg = Release|Any CPU
		{B051F95F-21F9-4CC8-A585-AB929F7A8B47}.Release|Any CPU.Build.0 = Release|Any CPU
	EndGlobalSection
	GlobalSection(SolutionProperties) = preSolution
		HideSolutionNode = FALSE
	EndGlobalSection
	GlobalSection(ExtensibilityGlobals) = postSolution
		SolutionGuid = {FC1C5E63-25B8-4B39-B952-2D1D8BB1C8FC}
	EndGlobalSection
EndGlobal
